
Microsoft Visual Studio Solution File, Format Version 12.00
# Visual Studio Version 17
VisualStudioVersion = 17.6.33829.357
MinimumVisualStudioVersion = 10.0.40219.1
Project("{9A19103F-16F7-4668-BE54-9A1E7A4F7556}") = "TestDemo", "TestDemo.csproj", "{4CF6AC8E-24AF-4369-B7EF-8F7D973DE9B6}"
EndProject
Project("{9A19103F-16F7-4668-BE54-9A1E7A4F7556}") = "OcelotAPIGateway", "..\OcelotAPIGateway\OcelotAPIGateway.csproj", "{9D5ABE62-0CEC-49CB-9934-7C17D0D9B8E2}"
EndProject
Project("{FAE04EC0-301F-11D3-BF4B-00C04F79EFBC}") = "SynchData", "..\SynchData\SynchData.csproj", "{C6C63AD8-8F6C-4B46-8CF6-01FB63E28994}"
EndProject
Global
	GlobalSection(SolutionConfigurationPlatforms) = preSolution
		Debug|Any CPU = Debug|Any CPU
		Release|Any CPU = Release|Any CPU
	EndGlobalSection
	GlobalSection(ProjectConfigurationPlatforms) = postSolution
		{4CF6AC8E-24AF-4369-B7EF-8F7D973DE9B6}.Debug|Any CPU.ActiveCfg = Debug|Any CPU
		{4CF6AC8E-24AF-4369-B7EF-8F7D973DE9B6}.Debug|Any CPU.Build.0 = Debug|Any CPU
		{4CF6AC8E-24AF-4369-B7EF-8F7D973DE9B6}.Release|Any CPU.ActiveCfg = Release|Any CPU
		{4CF6AC8E-24AF-4369-B7EF-8F7D973DE9B6}.Release|Any CPU.Build.0 = Release|Any CPU
		{9D5ABE62-0CEC-49CB-9934-7C17D0D9B8E2}.Debug|Any CPU.ActiveCfg = Debug|Any CPU
		{9D5ABE62-0CEC-49CB-9934-7C17D0D9B8E2}.Debug|Any CPU.Build.0 = Debug|Any CPU
		{9D5ABE62-0CEC-49CB-9934-7C17D0D9B8E2}.Release|Any CPU.ActiveCfg = Release|Any CPU
		{9D5ABE62-0CEC-49CB-9934-7C17D0D9B8E2}.Release|Any CPU.Build.0 = Release|Any CPU
		{C6C63AD8-8F6C-4B46-8CF6-01FB63E28994}.Debug|Any CPU.ActiveCfg = Debug|Any CPU
		{C6C63AD8-8F6C-4B46-8CF6-01FB63E28994}.Debug|Any CPU.Build.0 = Debug|Any CPU
		{C6C63AD8-8F6C-4B46-8CF6-01FB63E28994}.Release|Any CPU.ActiveCfg = Release|Any CPU
		{C6C63AD8-8F6C-4B46-8CF6-01FB63E28994}.Release|Any CPU.Build.0 = Release|Any CPU
	EndGlobalSection
	GlobalSection(SolutionProperties) = preSolution
		HideSolutionNode = FALSE
	EndGlobalSection
	GlobalSection(ExtensibilityGlobals) = postSolution
		SolutionGuid = {D558C8E4-869D-4B7B-9286-F438A79866B0}
	EndGlobalSection
EndGlobal
